
Microsoft Visual Studio Solution File, Format Version 12.00
# Visual Studio Version 16
VisualStudioVersion = 16.0.32630.194
MinimumVisualStudioVersion = 10.0.40219.1
Project("{FAE04EC0-301F-11D3-BF4B-00C04F79EFBC}") = "Testing", "Testing\Testing.csproj", "{A5F08F1F-C64A-43FB-84C6-72BFB9748523}"
EndProject
Global
	GlobalSection(SolutionConfigurationPlatforms) = preSolution
		Debug|Any CPU = Debug|Any CPU
		Release|Any CPU = Release|Any CPU
	EndGlobalSection
	GlobalSection(ProjectConfigurationPlatforms) = postSolution
		{A5F08F1F-C64A-43FB-84C6-72BFB9748523}.Debug|Any CPU.ActiveCfg = Debug|Any CPU
		{A5F08F1F-C64A-43FB-84C6-72BFB9748523}.Debug|Any CPU.Build.0 = Debug|Any CPU
		{A5F08F1F-C64A-43FB-84C6-72BFB9748523}.Release|Any CPU.ActiveCfg = Release|Any CPU
		{A5F08F1F-C64A-43FB-84C6-72BFB9748523}.Release|Any CPU.Build.0 = Release|Any CPU
	EndGlobalSection
	GlobalSection(SolutionProperties) = preSolution
		HideSolutionNode = FALSE
	EndGlobalSection
	GlobalSection(ExtensibilityGlobals) = postSolution
		SolutionGuid = {40FF1273-06C8-496E-96BE-EF9F58E3A7C5}
	EndGlobalSection
EndGlobal
